
Microsoft Visual Studio Solution File, Format Version 12.00
# Visual Studio Version 17
VisualStudioVersion = 17.11.35327.3
MinimumVisualStudioVersion = 10.0.40219.1
Project("{FAE04EC0-301F-11D3-BF4B-00C04F79EFBC}") = "CSBasics", "CSBasics.csproj", "{A7D00458-2914-40D0-B5DF-66D4DCC98008}"
EndProject
Global
	GlobalSection(SolutionConfigurationPlatforms) = preSolution
		Debug|Any CPU = Debug|Any CPU
		Release|Any CPU = Release|Any CPU
	EndGlobalSection
	GlobalSection(ProjectConfigurationPlatforms) = postSolution
		{A7D00458-2914-40D0-B5DF-66D4DCC98008}.Debug|Any CPU.ActiveCfg = Debug|Any CPU
		{A7D00458-2914-40D0-B5DF-66D4DCC98008}.Debug|Any CPU.Build.0 = Debug|Any CPU
		{A7D00458-2914-40D0-B5DF-66D4DCC98008}.Release|Any CPU.ActiveCfg = Release|Any CPU
		{A7D00458-2914-40D0-B5DF-66D4DCC98008}.Release|Any CPU.Build.0 = Release|Any CPU
	EndGlobalSection
	GlobalSection(SolutionProperties) = preSolution
		HideSolutionNode = FALSE
	EndGlobalSection
	GlobalSection(ExtensibilityGlobals) = postSolution
		SolutionGuid = {281E37E5-F603-44AE-ABF3-925ECC6E785A}
	EndGlobalSection
EndGlobal
